// !$*UTF8*$!
{
	archiveVersion = 1;
	classes = {
	};
	objectVersion = 56;
	objects = {

/* Begin PBXBuildFile section */
		105E628629E82FF3004F4794 /* SearchRouter.swift in Sources */ = {isa = PBXBuildFile; fileRef = 105E628529E82FF3004F4794 /* SearchRouter.swift */; };
		105E628929E83017004F4794 /* SearchPresenter.swift in Sources */ = {isa = PBXBuildFile; fileRef = 105E628829E83017004F4794 /* SearchPresenter.swift */; };
		105E628B29E83028004F4794 /* SearchInteractor.swift in Sources */ = {isa = PBXBuildFile; fileRef = 105E628A29E83028004F4794 /* SearchInteractor.swift */; };
		105E629129E83051004F4794 /* SearchProtocols.swift in Sources */ = {isa = PBXBuildFile; fileRef = 105E629029E83051004F4794 /* SearchProtocols.swift */; };
		105E629329E8307A004F4794 /* SearchedAppCell.swift in Sources */ = {isa = PBXBuildFile; fileRef = 105E629229E8307A004F4794 /* SearchedAppCell.swift */; };
		105E629729E832A8004F4794 /* .swiftlint.yaml in Resources */ = {isa = PBXBuildFile; fileRef = 105E629629E832A8004F4794 /* .swiftlint.yaml */; };
		105E629B29E84124004F4794 /* UIExtensions.swift in Sources */ = {isa = PBXBuildFile; fileRef = 105E629A29E84124004F4794 /* UIExtensions.swift */; };
		105E629E29E985F1004F4794 /* Alamofire in Frameworks */ = {isa = PBXBuildFile; productRef = 105E629D29E985F1004F4794 /* Alamofire */; };
		105E62A129E98D26004F4794 /* ISearchService.swift in Sources */ = {isa = PBXBuildFile; fileRef = 105E62A029E98D26004F4794 /* ISearchService.swift */; };
		105E62A429E98E06004F4794 /* SearchService.swift in Sources */ = {isa = PBXBuildFile; fileRef = 105E62A329E98E06004F4794 /* SearchService.swift */; };
		105E62A729E99BDB004F4794 /* SearchResult.swift in Sources */ = {isa = PBXBuildFile; fileRef = 105E62A629E99BDB004F4794 /* SearchResult.swift */; };
		105E62AA29EAF962004F4794 /* Kingfisher in Frameworks */ = {isa = PBXBuildFile; productRef = 105E62A929EAF962004F4794 /* Kingfisher */; };
		105E62B029ED8D1D004F4794 /* AppsRouter.swift in Sources */ = {isa = PBXBuildFile; fileRef = 105E62AF29ED8D1D004F4794 /* AppsRouter.swift */; };
		105E62B329ED8D40004F4794 /* AppsPresenter.swift in Sources */ = {isa = PBXBuildFile; fileRef = 105E62B229ED8D40004F4794 /* AppsPresenter.swift */; };
		105E62B629ED8D57004F4794 /* AppsInteractor.swift in Sources */ = {isa = PBXBuildFile; fileRef = 105E62B529ED8D57004F4794 /* AppsInteractor.swift */; };
		105E62B929ED8D6F004F4794 /* AppsProtocols.swift in Sources */ = {isa = PBXBuildFile; fileRef = 105E62B829ED8D6F004F4794 /* AppsProtocols.swift */; };
		105E62BC29ED95D5004F4794 /* AppCell.swift in Sources */ = {isa = PBXBuildFile; fileRef = 105E62BB29ED95D5004F4794 /* AppCell.swift */; };
		106F4EA729F93CD80027A1A8 /* AppCellDetailController.swift in Sources */ = {isa = PBXBuildFile; fileRef = 106F4EA629F93CD80027A1A8 /* AppCellDetailController.swift */; };
		106F4EA929F9435A0027A1A8 /* AppCellDetailCell.swift in Sources */ = {isa = PBXBuildFile; fileRef = 106F4EA829F9435A0027A1A8 /* AppCellDetailCell.swift */; };
		10F0C60029E7740800D62250 /* AppDelegate.swift in Sources */ = {isa = PBXBuildFile; fileRef = 10F0C5FF29E7740800D62250 /* AppDelegate.swift */; };
		10F0C60229E7740800D62250 /* SceneDelegate.swift in Sources */ = {isa = PBXBuildFile; fileRef = 10F0C60129E7740800D62250 /* SceneDelegate.swift */; };
		10F0C60929E7740800D62250 /* Assets.xcassets in Resources */ = {isa = PBXBuildFile; fileRef = 10F0C60829E7740800D62250 /* Assets.xcassets */; };
		10F0C60C29E7740800D62250 /* LaunchScreen.storyboard in Resources */ = {isa = PBXBuildFile; fileRef = 10F0C60A29E7740800D62250 /* LaunchScreen.storyboard */; };
		10F0C61529E774DE00D62250 /* MainTabbarController.swift in Sources */ = {isa = PBXBuildFile; fileRef = 10F0C61429E774DE00D62250 /* MainTabbarController.swift */; };
		10F0C61929E776B100D62250 /* TodayViewController.swift in Sources */ = {isa = PBXBuildFile; fileRef = 10F0C61829E776B100D62250 /* TodayViewController.swift */; };
		10F0C61B29E776FD00D62250 /* AppsViewController.swift in Sources */ = {isa = PBXBuildFile; fileRef = 10F0C61A29E776FD00D62250 /* AppsViewController.swift */; };
		10F0C61D29E7770800D62250 /* SearchViewController.swift in Sources */ = {isa = PBXBuildFile; fileRef = 10F0C61C29E7770800D62250 /* SearchViewController.swift */; };
/* End PBXBuildFile section */

/* Begin PBXFileReference section */
		105E628529E82FF3004F4794 /* SearchRouter.swift */ = {isa = PBXFileReference; lastKnownFileType = sourcecode.swift; path = SearchRouter.swift; sourceTree = "<group>"; };
		105E628829E83017004F4794 /* SearchPresenter.swift */ = {isa = PBXFileReference; lastKnownFileType = sourcecode.swift; path = SearchPresenter.swift; sourceTree = "<group>"; };
		105E628A29E83028004F4794 /* SearchInteractor.swift */ = {isa = PBXFileReference; lastKnownFileType = sourcecode.swift; path = SearchInteractor.swift; sourceTree = "<group>"; };
		105E629029E83051004F4794 /* SearchProtocols.swift */ = {isa = PBXFileReference; lastKnownFileType = sourcecode.swift; path = SearchProtocols.swift; sourceTree = "<group>"; };
		105E629229E8307A004F4794 /* SearchedAppCell.swift */ = {isa = PBXFileReference; lastKnownFileType = sourcecode.swift; path = SearchedAppCell.swift; sourceTree = "<group>"; };
		105E629629E832A8004F4794 /* .swiftlint.yaml */ = {isa = PBXFileReference; lastKnownFileType = text.yaml; path = .swiftlint.yaml; sourceTree = "<group>"; };
		105E629A29E84124004F4794 /* UIExtensions.swift */ = {isa = PBXFileReference; lastKnownFileType = sourcecode.swift; path = UIExtensions.swift; sourceTree = "<group>"; };
		105E62A029E98D26004F4794 /* ISearchService.swift */ = {isa = PBXFileReference; lastKnownFileType = sourcecode.swift; path = ISearchService.swift; sourceTree = "<group>"; };
		105E62A329E98E06004F4794 /* SearchService.swift */ = {isa = PBXFileReference; lastKnownFileType = sourcecode.swift; path = SearchService.swift; sourceTree = "<group>"; };
		105E62A629E99BDB004F4794 /* SearchResult.swift */ = {isa = PBXFileReference; lastKnownFileType = sourcecode.swift; path = SearchResult.swift; sourceTree = "<group>"; };
		105E62AF29ED8D1D004F4794 /* AppsRouter.swift */ = {isa = PBXFileReference; lastKnownFileType = sourcecode.swift; path = AppsRouter.swift; sourceTree = "<group>"; };
		105E62B229ED8D40004F4794 /* AppsPresenter.swift */ = {isa = PBXFileReference; lastKnownFileType = sourcecode.swift; path = AppsPresenter.swift; sourceTree = "<group>"; };
		105E62B529ED8D57004F4794 /* AppsInteractor.swift */ = {isa = PBXFileReference; lastKnownFileType = sourcecode.swift; path = AppsInteractor.swift; sourceTree = "<group>"; };
		105E62B829ED8D6F004F4794 /* AppsProtocols.swift */ = {isa = PBXFileReference; lastKnownFileType = sourcecode.swift; path = AppsProtocols.swift; sourceTree = "<group>"; };
		105E62BB29ED95D5004F4794 /* AppCell.swift */ = {isa = PBXFileReference; lastKnownFileType = sourcecode.swift; path = AppCell.swift; sourceTree = "<group>"; };
		106F4EA629F93CD80027A1A8 /* AppCellDetailController.swift */ = {isa = PBXFileReference; lastKnownFileType = sourcecode.swift; path = AppCellDetailController.swift; sourceTree = "<group>"; };
		106F4EA829F9435A0027A1A8 /* AppCellDetailCell.swift */ = {isa = PBXFileReference; lastKnownFileType = sourcecode.swift; path = AppCellDetailCell.swift; sourceTree = "<group>"; };
		10F0C5FC29E7740800D62250 /* AppStoreUIClone.app */ = {isa = PBXFileReference; explicitFileType = wrapper.application; includeInIndex = 0; path = AppStoreUIClone.app; sourceTree = BUILT_PRODUCTS_DIR; };
		10F0C5FF29E7740800D62250 /* AppDelegate.swift */ = {isa = PBXFileReference; lastKnownFileType = sourcecode.swift; path = AppDelegate.swift; sourceTree = "<group>"; };
		10F0C60129E7740800D62250 /* SceneDelegate.swift */ = {isa = PBXFileReference; lastKnownFileType = sourcecode.swift; path = SceneDelegate.swift; sourceTree = "<group>"; };
		10F0C60829E7740800D62250 /* Assets.xcassets */ = {isa = PBXFileReference; lastKnownFileType = folder.assetcatalog; path = Assets.xcassets; sourceTree = "<group>"; };
		10F0C60B29E7740800D62250 /* Base */ = {isa = PBXFileReference; lastKnownFileType = file.storyboard; name = Base; path = Base.lproj/LaunchScreen.storyboard; sourceTree = "<group>"; };
		10F0C60D29E7740800D62250 /* Info.plist */ = {isa = PBXFileReference; lastKnownFileType = text.plist.xml; path = Info.plist; sourceTree = "<group>"; };
		10F0C61429E774DE00D62250 /* MainTabbarController.swift */ = {isa = PBXFileReference; lastKnownFileType = sourcecode.swift; path = MainTabbarController.swift; sourceTree = "<group>"; };
		10F0C61829E776B100D62250 /* TodayViewController.swift */ = {isa = PBXFileReference; lastKnownFileType = sourcecode.swift; path = TodayViewController.swift; sourceTree = "<group>"; };
		10F0C61A29E776FD00D62250 /* AppsViewController.swift */ = {isa = PBXFileReference; lastKnownFileType = sourcecode.swift; path = AppsViewController.swift; sourceTree = "<group>"; };
		10F0C61C29E7770800D62250 /* SearchViewController.swift */ = {isa = PBXFileReference; lastKnownFileType = sourcecode.swift; path = SearchViewController.swift; sourceTree = "<group>"; };
/* End PBXFileReference section */

/* Begin PBXFrameworksBuildPhase section */
		10F0C5F929E7740800D62250 /* Frameworks */ = {
			isa = PBXFrameworksBuildPhase;
			buildActionMask = 2147483647;
			files = (
				105E62AA29EAF962004F4794 /* Kingfisher in Frameworks */,
				105E629E29E985F1004F4794 /* Alamofire in Frameworks */,
			);
			runOnlyForDeploymentPostprocessing = 0;
		};
/* End PBXFrameworksBuildPhase section */

/* Begin PBXGroup section */
		105E628129E82F8C004F4794 /* search-module */ = {
			isa = PBXGroup;
			children = (
				105E62A529E99BCD004F4794 /* entity */,
				105E628F29E83044004F4794 /* protocols */,
				105E628C29E8302E004F4794 /* interactor */,
				105E628729E83005004F4794 /* presenter */,
				105E628429E82FDF004F4794 /* router */,
				105E628329E82FD6004F4794 /* collectionview */,
				105E628229E82F98004F4794 /* view */,
			);
			path = "search-module";
			sourceTree = "<group>";
		};
		105E628229E82F98004F4794 /* view */ = {
			isa = PBXGroup;
			children = (
				10F0C61C29E7770800D62250 /* SearchViewController.swift */,
			);
			path = view;
			sourceTree = "<group>";
		};
		105E628329E82FD6004F4794 /* collectionview */ = {
			isa = PBXGroup;
			children = (
				105E629229E8307A004F4794 /* SearchedAppCell.swift */,
			);
			path = collectionview;
			sourceTree = "<group>";
		};
		105E628429E82FDF004F4794 /* router */ = {
			isa = PBXGroup;
			children = (
				105E628529E82FF3004F4794 /* SearchRouter.swift */,
			);
			path = router;
			sourceTree = "<group>";
		};
		105E628729E83005004F4794 /* presenter */ = {
			isa = PBXGroup;
			children = (
				105E628829E83017004F4794 /* SearchPresenter.swift */,
			);
			path = presenter;
			sourceTree = "<group>";
		};
		105E628C29E8302E004F4794 /* interactor */ = {
			isa = PBXGroup;
			children = (
				105E628A29E83028004F4794 /* SearchInteractor.swift */,
			);
			path = interactor;
			sourceTree = "<group>";
		};
		105E628F29E83044004F4794 /* protocols */ = {
			isa = PBXGroup;
			children = (
				105E629029E83051004F4794 /* SearchProtocols.swift */,
			);
			path = protocols;
			sourceTree = "<group>";
		};
		105E629929E84112004F4794 /* extensions */ = {
			isa = PBXGroup;
			children = (
				105E629A29E84124004F4794 /* UIExtensions.swift */,
			);
			path = extensions;
			sourceTree = "<group>";
		};
		105E629F29E98D17004F4794 /* services */ = {
			isa = PBXGroup;
			children = (
				105E62A229E98DF1004F4794 /* searchServices */,
			);
			path = services;
			sourceTree = "<group>";
		};
		105E62A229E98DF1004F4794 /* searchServices */ = {
			isa = PBXGroup;
			children = (
				105E62A029E98D26004F4794 /* ISearchService.swift */,
				105E62A329E98E06004F4794 /* SearchService.swift */,
			);
			path = searchServices;
			sourceTree = "<group>";
		};
		105E62A529E99BCD004F4794 /* entity */ = {
			isa = PBXGroup;
			children = (
				105E62A629E99BDB004F4794 /* SearchResult.swift */,
			);
			path = entity;
			sourceTree = "<group>";
		};
		105E62AB29ED8CED004F4794 /* apps-module */ = {
			isa = PBXGroup;
			children = (
				105E62BA29ED8D74004F4794 /* entity */,
				105E62B729ED8D64004F4794 /* protocols */,
				105E62B429ED8D4B004F4794 /* interactor */,
				105E62B129ED8D2E004F4794 /* presenter */,
				105E62AE29ED8D11004F4794 /* router */,
				105E62AD29ED8D03004F4794 /* collectionview */,
				105E62AC29ED8CF6004F4794 /* view */,
			);
			path = "apps-module";
			sourceTree = "<group>";
		};
		105E62AC29ED8CF6004F4794 /* view */ = {
			isa = PBXGroup;
			children = (
				10F0C61A29E776FD00D62250 /* AppsViewController.swift */,
			);
			path = view;
			sourceTree = "<group>";
		};
		105E62AD29ED8D03004F4794 /* collectionview */ = {
			isa = PBXGroup;
			children = (
				105E62BB29ED95D5004F4794 /* AppCell.swift */,
				106F4EA629F93CD80027A1A8 /* AppCellDetailController.swift */,
				106F4EA829F9435A0027A1A8 /* AppCellDetailCell.swift */,
			);
			path = collectionview;
			sourceTree = "<group>";
		};
		105E62AE29ED8D11004F4794 /* router */ = {
			isa = PBXGroup;
			children = (
				105E62AF29ED8D1D004F4794 /* AppsRouter.swift */,
			);
			path = router;
			sourceTree = "<group>";
		};
		105E62B129ED8D2E004F4794 /* presenter */ = {
			isa = PBXGroup;
			children = (
				105E62B229ED8D40004F4794 /* AppsPresenter.swift */,
			);
			path = presenter;
			sourceTree = "<group>";
		};
		105E62B429ED8D4B004F4794 /* interactor */ = {
			isa = PBXGroup;
			children = (
				105E62B529ED8D57004F4794 /* AppsInteractor.swift */,
			);
			path = interactor;
			sourceTree = "<group>";
		};
		105E62B729ED8D64004F4794 /* protocols */ = {
			isa = PBXGroup;
			children = (
				105E62B829ED8D6F004F4794 /* AppsProtocols.swift */,
			);
			path = protocols;
			sourceTree = "<group>";
		};
		105E62BA29ED8D74004F4794 /* entity */ = {
			isa = PBXGroup;
			children = (
			);
			path = entity;
			sourceTree = "<group>";
		};
		10F0C5F329E7740800D62250 = {
			isa = PBXGroup;
			children = (
				10F0C5FE29E7740800D62250 /* AppStoreUIClone */,
				10F0C5FD29E7740800D62250 /* Products */,
			);
			sourceTree = "<group>";
		};
		10F0C5FD29E7740800D62250 /* Products */ = {
			isa = PBXGroup;
			children = (
				10F0C5FC29E7740800D62250 /* AppStoreUIClone.app */,
			);
			name = Products;
			sourceTree = "<group>";
		};
		10F0C5FE29E7740800D62250 /* AppStoreUIClone */ = {
			isa = PBXGroup;
			children = (
				105E62AB29ED8CED004F4794 /* apps-module */,
				105E629F29E98D17004F4794 /* services */,
				105E629929E84112004F4794 /* extensions */,
				105E628129E82F8C004F4794 /* search-module */,
				10F0C61729E7765B00D62250 /* controllers */,
				10F0C61629E7756400D62250 /* files */,
				10F0C61329E774A500D62250 /* views */,
			);
			path = AppStoreUIClone;
			sourceTree = "<group>";
		};
		10F0C61329E774A500D62250 /* views */ = {
			isa = PBXGroup;
			children = (
				10F0C61829E776B100D62250 /* TodayViewController.swift */,
			);
			path = views;
			sourceTree = "<group>";
		};
		10F0C61629E7756400D62250 /* files */ = {
			isa = PBXGroup;
			children = (
				10F0C60829E7740800D62250 /* Assets.xcassets */,
				10F0C60A29E7740800D62250 /* LaunchScreen.storyboard */,
				10F0C5FF29E7740800D62250 /* AppDelegate.swift */,
				10F0C60D29E7740800D62250 /* Info.plist */,
				10F0C60129E7740800D62250 /* SceneDelegate.swift */,
				105E629629E832A8004F4794 /* .swiftlint.yaml */,
			);
			name = files;
			sourceTree = "<group>";
		};
		10F0C61729E7765B00D62250 /* controllers */ = {
			isa = PBXGroup;
			children = (
				10F0C61429E774DE00D62250 /* MainTabbarController.swift */,
			);
			path = controllers;
			sourceTree = "<group>";
		};
/* End PBXGroup section */

/* Begin PBXNativeTarget section */
		10F0C5FB29E7740800D62250 /* AppStoreUIClone */ = {
			isa = PBXNativeTarget;
			buildConfigurationList = 10F0C61029E7740800D62250 /* Build configuration list for PBXNativeTarget "AppStoreUIClone" */;
			buildPhases = (
				10F0C5F829E7740800D62250 /* Sources */,
				10F0C5F929E7740800D62250 /* Frameworks */,
				10F0C5FA29E7740800D62250 /* Resources */,
			);
			buildRules = (
			);
			dependencies = (
			);
			name = AppStoreUIClone;
			packageProductDependencies = (
				105E629D29E985F1004F4794 /* Alamofire */,
				105E62A929EAF962004F4794 /* Kingfisher */,
			);
			productName = AppStoreUIClone;
			productReference = 10F0C5FC29E7740800D62250 /* AppStoreUIClone.app */;
			productType = "com.apple.product-type.application";
		};
/* End PBXNativeTarget section */

/* Begin PBXProject section */
		10F0C5F429E7740800D62250 /* Project object */ = {
			isa = PBXProject;
			attributes = {
				BuildIndependentTargetsInParallel = 1;
				LastSwiftUpdateCheck = 1430;
				LastUpgradeCheck = 1430;
				TargetAttributes = {
					10F0C5FB29E7740800D62250 = {
						CreatedOnToolsVersion = 14.3;
					};
				};
			};
			buildConfigurationList = 10F0C5F729E7740800D62250 /* Build configuration list for PBXProject "AppStoreUIClone" */;
			compatibilityVersion = "Xcode 14.0";
			developmentRegion = en;
			hasScannedForEncodings = 0;
			knownRegions = (
				en,
				Base,
			);
			mainGroup = 10F0C5F329E7740800D62250;
			packageReferences = (
				105E629C29E985F1004F4794 /* XCRemoteSwiftPackageReference "Alamofire" */,
				105E62A829EAF962004F4794 /* XCRemoteSwiftPackageReference "Kingfisher" */,
			);
			productRefGroup = 10F0C5FD29E7740800D62250 /* Products */;
			projectDirPath = "";
			projectRoot = "";
			targets = (
				10F0C5FB29E7740800D62250 /* AppStoreUIClone */,
			);
		};
/* End PBXProject section */

/* Begin PBXResourcesBuildPhase section */
		10F0C5FA29E7740800D62250 /* Resources */ = {
			isa = PBXResourcesBuildPhase;
			buildActionMask = 2147483647;
			files = (
				105E629729E832A8004F4794 /* .swiftlint.yaml in Resources */,
				10F0C60C29E7740800D62250 /* LaunchScreen.storyboard in Resources */,
				10F0C60929E7740800D62250 /* Assets.xcassets in Resources */,
			);
			runOnlyForDeploymentPostprocessing = 0;
		};
/* End PBXResourcesBuildPhase section */

/* Begin PBXSourcesBuildPhase section */
		10F0C5F829E7740800D62250 /* Sources */ = {
			isa = PBXSourcesBuildPhase;
			buildActionMask = 2147483647;
			files = (
				105E62B029ED8D1D004F4794 /* AppsRouter.swift in Sources */,
				105E62B329ED8D40004F4794 /* AppsPresenter.swift in Sources */,
				10F0C61D29E7770800D62250 /* SearchViewController.swift in Sources */,
				105E629129E83051004F4794 /* SearchProtocols.swift in Sources */,
				10F0C61929E776B100D62250 /* TodayViewController.swift in Sources */,
				105E62BC29ED95D5004F4794 /* AppCell.swift in Sources */,
				106F4EA929F9435A0027A1A8 /* AppCellDetailCell.swift in Sources */,
				105E629B29E84124004F4794 /* UIExtensions.swift in Sources */,
				10F0C61B29E776FD00D62250 /* AppsViewController.swift in Sources */,
				105E629329E8307A004F4794 /* SearchedAppCell.swift in Sources */,
				105E628B29E83028004F4794 /* SearchInteractor.swift in Sources */,
				105E62A729E99BDB004F4794 /* SearchResult.swift in Sources */,
				105E62B629ED8D57004F4794 /* AppsInteractor.swift in Sources */,
				106F4EA729F93CD80027A1A8 /* AppCellDetailController.swift in Sources */,
				105E628629E82FF3004F4794 /* SearchRouter.swift in Sources */,
				10F0C61529E774DE00D62250 /* MainTabbarController.swift in Sources */,
				10F0C60029E7740800D62250 /* AppDelegate.swift in Sources */,
				105E628929E83017004F4794 /* SearchPresenter.swift in Sources */,
				105E62A429E98E06004F4794 /* SearchService.swift in Sources */,
				105E62A129E98D26004F4794 /* ISearchService.swift in Sources */,
				105E62B929ED8D6F004F4794 /* AppsProtocols.swift in Sources */,
				10F0C60229E7740800D62250 /* SceneDelegate.swift in Sources */,
			);
			runOnlyForDeploymentPostprocessing = 0;
		};
/* End PBXSourcesBuildPhase section */

/* Begin PBXVariantGroup section */
		10F0C60A29E7740800D62250 /* LaunchScreen.storyboard */ = {
			isa = PBXVariantGroup;
			children = (
				10F0C60B29E7740800D62250 /* Base */,
			);
			name = LaunchScreen.storyboard;
			sourceTree = "<group>";
		};
/* End PBXVariantGroup section */

/* Begin XCBuildConfiguration section */
		10F0C60E29E7740800D62250 /* Debug */ = {
			isa = XCBuildConfiguration;
			buildSettings = {
				ALWAYS_SEARCH_USER_PATHS = NO;
				CLANG_ANALYZER_NONNULL = YES;
				CLANG_ANALYZER_NUMBER_OBJECT_CONVERSION = YES_AGGRESSIVE;
				CLANG_CXX_LANGUAGE_STANDARD = "gnu++20";
				CLANG_ENABLE_MODULES = YES;
				CLANG_ENABLE_OBJC_ARC = YES;
				CLANG_ENABLE_OBJC_WEAK = YES;
				CLANG_WARN_BLOCK_CAPTURE_AUTORELEASING = YES;
				CLANG_WARN_BOOL_CONVERSION = YES;
				CLANG_WARN_COMMA = YES;
				CLANG_WARN_CONSTANT_CONVERSION = YES;
				CLANG_WARN_DEPRECATED_OBJC_IMPLEMENTATIONS = YES;
				CLANG_WARN_DIRECT_OBJC_ISA_USAGE = YES_ERROR;
				CLANG_WARN_DOCUMENTATION_COMMENTS = YES;
				CLANG_WARN_EMPTY_BODY = YES;
				CLANG_WARN_ENUM_CONVERSION = YES;
				CLANG_WARN_INFINITE_RECURSION = YES;
				CLANG_WARN_INT_CONVERSION = YES;
				CLANG_WARN_NON_LITERAL_NULL_CONVERSION = YES;
				CLANG_WARN_OBJC_IMPLICIT_RETAIN_SELF = YES;
				CLANG_WARN_OBJC_LITERAL_CONVERSION = YES;
				CLANG_WARN_OBJC_ROOT_CLASS = YES_ERROR;
				CLANG_WARN_QUOTED_INCLUDE_IN_FRAMEWORK_HEADER = YES;
				CLANG_WARN_RANGE_LOOP_ANALYSIS = YES;
				CLANG_WARN_STRICT_PROTOTYPES = YES;
				CLANG_WARN_SUSPICIOUS_MOVE = YES;
				CLANG_WARN_UNGUARDED_AVAILABILITY = YES_AGGRESSIVE;
				CLANG_WARN_UNREACHABLE_CODE = YES;
				CLANG_WARN__DUPLICATE_METHOD_MATCH = YES;
				COPY_PHASE_STRIP = NO;
				DEBUG_INFORMATION_FORMAT = dwarf;
				ENABLE_STRICT_OBJC_MSGSEND = YES;
				ENABLE_TESTABILITY = YES;
				GCC_C_LANGUAGE_STANDARD = gnu11;
				GCC_DYNAMIC_NO_PIC = NO;
				GCC_NO_COMMON_BLOCKS = YES;
				GCC_OPTIMIZATION_LEVEL = 0;
				GCC_PREPROCESSOR_DEFINITIONS = (
					"DEBUG=1",
					"$(inherited)",
				);
				GCC_WARN_64_TO_32_BIT_CONVERSION = YES;
				GCC_WARN_ABOUT_RETURN_TYPE = YES_ERROR;
				GCC_WARN_UNDECLARED_SELECTOR = YES;
				GCC_WARN_UNINITIALIZED_AUTOS = YES_AGGRESSIVE;
				GCC_WARN_UNUSED_FUNCTION = YES;
				GCC_WARN_UNUSED_VARIABLE = YES;
				IPHONEOS_DEPLOYMENT_TARGET = 16.4;
				MTL_ENABLE_DEBUG_INFO = INCLUDE_SOURCE;
				MTL_FAST_MATH = YES;
				ONLY_ACTIVE_ARCH = YES;
				SDKROOT = iphoneos;
				SWIFT_ACTIVE_COMPILATION_CONDITIONS = DEBUG;
				SWIFT_OPTIMIZATION_LEVEL = "-Onone";
			};
			name = Debug;
		};
		10F0C60F29E7740800D62250 /* Release */ = {
			isa = XCBuildConfiguration;
			buildSettings = {
				ALWAYS_SEARCH_USER_PATHS = NO;
				CLANG_ANALYZER_NONNULL = YES;
				CLANG_ANALYZER_NUMBER_OBJECT_CONVERSION = YES_AGGRESSIVE;
				CLANG_CXX_LANGUAGE_STANDARD = "gnu++20";
				CLANG_ENABLE_MODULES = YES;
				CLANG_ENABLE_OBJC_ARC = YES;
				CLANG_ENABLE_OBJC_WEAK = YES;
				CLANG_WARN_BLOCK_CAPTURE_AUTORELEASING = YES;
				CLANG_WARN_BOOL_CONVERSION = YES;
				CLANG_WARN_COMMA = YES;
				CLANG_WARN_CONSTANT_CONVERSION = YES;
				CLANG_WARN_DEPRECATED_OBJC_IMPLEMENTATIONS = YES;
				CLANG_WARN_DIRECT_OBJC_ISA_USAGE = YES_ERROR;
				CLANG_WARN_DOCUMENTATION_COMMENTS = YES;
				CLANG_WARN_EMPTY_BODY = YES;
				CLANG_WARN_ENUM_CONVERSION = YES;
				CLANG_WARN_INFINITE_RECURSION = YES;
				CLANG_WARN_INT_CONVERSION = YES;
				CLANG_WARN_NON_LITERAL_NULL_CONVERSION = YES;
				CLANG_WARN_OBJC_IMPLICIT_RETAIN_SELF = YES;
				CLANG_WARN_OBJC_LITERAL_CONVERSION = YES;
				CLANG_WARN_OBJC_ROOT_CLASS = YES_ERROR;
				CLANG_WARN_QUOTED_INCLUDE_IN_FRAMEWORK_HEADER = YES;
				CLANG_WARN_RANGE_LOOP_ANALYSIS = YES;
				CLANG_WARN_STRICT_PROTOTYPES = YES;
				CLANG_WARN_SUSPICIOUS_MOVE = YES;
				CLANG_WARN_UNGUARDED_AVAILABILITY = YES_AGGRESSIVE;
				CLANG_WARN_UNREACHABLE_CODE = YES;
				CLANG_WARN__DUPLICATE_METHOD_MATCH = YES;
				COPY_PHASE_STRIP = NO;
				DEBUG_INFORMATION_FORMAT = "dwarf-with-dsym";
				ENABLE_NS_ASSERTIONS = NO;
				ENABLE_STRICT_OBJC_MSGSEND = YES;
				GCC_C_LANGUAGE_STANDARD = gnu11;
				GCC_NO_COMMON_BLOCKS = YES;
				GCC_WARN_64_TO_32_BIT_CONVERSION = YES;
				GCC_WARN_ABOUT_RETURN_TYPE = YES_ERROR;
				GCC_WARN_UNDECLARED_SELECTOR = YES;
				GCC_WARN_UNINITIALIZED_AUTOS = YES_AGGRESSIVE;
				GCC_WARN_UNUSED_FUNCTION = YES;
				GCC_WARN_UNUSED_VARIABLE = YES;
				IPHONEOS_DEPLOYMENT_TARGET = 16.4;
				MTL_ENABLE_DEBUG_INFO = NO;
				MTL_FAST_MATH = YES;
				SDKROOT = iphoneos;
				SWIFT_COMPILATION_MODE = wholemodule;
				SWIFT_OPTIMIZATION_LEVEL = "-O";
				VALIDATE_PRODUCT = YES;
			};
			name = Release;
		};
		10F0C61129E7740800D62250 /* Debug */ = {
			isa = XCBuildConfiguration;
			buildSettings = {
				ASSETCATALOG_COMPILER_APPICON_NAME = AppIcon;
				ASSETCATALOG_COMPILER_GLOBAL_ACCENT_COLOR_NAME = AccentColor;
				CODE_SIGN_STYLE = Automatic;
				CURRENT_PROJECT_VERSION = 1;
				DEVELOPMENT_TEAM = F475N5N7V6;
				GENERATE_INFOPLIST_FILE = YES;
				INFOPLIST_FILE = AppStoreUIClone/Info.plist;
				INFOPLIST_KEY_UIApplicationSupportsIndirectInputEvents = YES;
				INFOPLIST_KEY_UILaunchStoryboardName = LaunchScreen;
				INFOPLIST_KEY_UISupportedInterfaceOrientations_iPad = "UIInterfaceOrientationPortrait UIInterfaceOrientationPortraitUpsideDown UIInterfaceOrientationLandscapeLeft UIInterfaceOrientationLandscapeRight";
				INFOPLIST_KEY_UISupportedInterfaceOrientations_iPhone = "UIInterfaceOrientationPortrait UIInterfaceOrientationLandscapeLeft UIInterfaceOrientationLandscapeRight";
				LD_RUNPATH_SEARCH_PATHS = (
					"$(inherited)",
					"@executable_path/Frameworks",
				);
				MARKETING_VERSION = 1.0;
				PRODUCT_BUNDLE_IDENTIFIER = com.yagizdokumaci.AppStoreUIClone;
				PRODUCT_NAME = "$(TARGET_NAME)";
				SWIFT_EMIT_LOC_STRINGS = YES;
				SWIFT_VERSION = 5.0;
				TARGETED_DEVICE_FAMILY = "1,2";
			};
			name = Debug;
		};
		10F0C61229E7740800D62250 /* Release */ = {
			isa = XCBuildConfiguration;
			buildSettings = {
				ASSETCATALOG_COMPILER_APPICON_NAME = AppIcon;
				ASSETCATALOG_COMPILER_GLOBAL_ACCENT_COLOR_NAME = AccentColor;
				CODE_SIGN_STYLE = Automatic;
				CURRENT_PROJECT_VERSION = 1;
				DEVELOPMENT_TEAM = F475N5N7V6;
				GENERATE_INFOPLIST_FILE = YES;
				INFOPLIST_FILE = AppStoreUIClone/Info.plist;
				INFOPLIST_KEY_UIApplicationSupportsIndirectInputEvents = YES;
				INFOPLIST_KEY_UILaunchStoryboardName = LaunchScreen;
				INFOPLIST_KEY_UISupportedInterfaceOrientations_iPad = "UIInterfaceOrientationPortrait UIInterfaceOrientationPortraitUpsideDown UIInterfaceOrientationLandscapeLeft UIInterfaceOrientationLandscapeRight";
				INFOPLIST_KEY_UISupportedInterfaceOrientations_iPhone = "UIInterfaceOrientationPortrait UIInterfaceOrientationLandscapeLeft UIInterfaceOrientationLandscapeRight";
				LD_RUNPATH_SEARCH_PATHS = (
					"$(inherited)",
					"@executable_path/Frameworks",
				);
				MARKETING_VERSION = 1.0;
				PRODUCT_BUNDLE_IDENTIFIER = com.yagizdokumaci.AppStoreUIClone;
				PRODUCT_NAME = "$(TARGET_NAME)";
				SWIFT_EMIT_LOC_STRINGS = YES;
				SWIFT_VERSION = 5.0;
				TARGETED_DEVICE_FAMILY = "1,2";
			};
			name = Release;
		};
/* End XCBuildConfiguration section */

/* Begin XCConfigurationList section */
		10F0C5F729E7740800D62250 /* Build configuration list for PBXProject "AppStoreUIClone" */ = {
			isa = XCConfigurationList;
			buildConfigurations = (
				10F0C60E29E7740800D62250 /* Debug */,
				10F0C60F29E7740800D62250 /* Release */,
			);
			defaultConfigurationIsVisible = 0;
			defaultConfigurationName = Release;
		};
		10F0C61029E7740800D62250 /* Build configuration list for PBXNativeTarget "AppStoreUIClone" */ = {
			isa = XCConfigurationList;
			buildConfigurations = (
				10F0C61129E7740800D62250 /* Debug */,
				10F0C61229E7740800D62250 /* Release */,
			);
			defaultConfigurationIsVisible = 0;
			defaultConfigurationName = Release;
		};
/* End XCConfigurationList section */

/* Begin XCRemoteSwiftPackageReference section */
		105E629C29E985F1004F4794 /* XCRemoteSwiftPackageReference "Alamofire" */ = {
			isa = XCRemoteSwiftPackageReference;
			repositoryURL = "https://github.com/Alamofire/Alamofire.git";
			requirement = {
				branch = master;
				kind = branch;
			};
		};
		105E62A829EAF962004F4794 /* XCRemoteSwiftPackageReference "Kingfisher" */ = {
			isa = XCRemoteSwiftPackageReference;
			repositoryURL = "https://github.com/onevcat/Kingfisher.git";
			requirement = {
				kind = upToNextMajorVersion;
				minimumVersion = 7.0.0;
			};
		};
/* End XCRemoteSwiftPackageReference section */

/* Begin XCSwiftPackageProductDependency section */
		105E629D29E985F1004F4794 /* Alamofire */ = {
			isa = XCSwiftPackageProductDependency;
			package = 105E629C29E985F1004F4794 /* XCRemoteSwiftPackageReference "Alamofire" */;
			productName = Alamofire;
		};
		105E62A929EAF962004F4794 /* Kingfisher */ = {
			isa = XCSwiftPackageProductDependency;
			package = 105E62A829EAF962004F4794 /* XCRemoteSwiftPackageReference "Kingfisher" */;
			productName = Kingfisher;
		};
/* End XCSwiftPackageProductDependency section */
	};
	rootObject = 10F0C5F429E7740800D62250 /* Project object */;
}
